PODS:
  - AsyncDisplayKit (1.9.90):
    - AsyncDisplayKit/PINRemoteImage (= 1.9.90)
  - AsyncDisplayKit/ASDealloc2MainObject (1.9.90)
  - AsyncDisplayKit/Core (1.9.90):
    - AsyncDisplayKit/ASDealloc2MainObject
  - AsyncDisplayKit/PINRemoteImage (1.9.90):
    - AsyncDisplayKit/Core
    - PINRemoteImage/iOS (>= 3.0.0-beta.3)
  - FlickrKit (1.0.8)
  - PINCache (3.0.1-beta)
  - PINRemoteImage/Core (3.0.0-beta.3):
    - PINCache (>= 3.0.0-beta)
  - PINRemoteImage/iOS (3.0.0-beta.3):
    - PINRemoteImage/Core
  - ReactiveCocoa (4.2.2):
    - Result (~> 2.0)
  - Result (2.1.3)

DEPENDENCIES:
  - AsyncDisplayKit (~> 1.9.80)
  - FlickrKit
  - ReactiveCocoa (= 4.2.2)

SPEC CHECKSUMS:
  AsyncDisplayKit: 926ded3ca3fb7026565e0e81f0e132fea4d3a6eb
  FlickrKit: beadf880a10ccaa2f13666d04112324fe08815e2
  PINCache: 6911fe422a633e18b3d3ddf2bd4f0e55e36e2892
  PINRemoteImage: 308731aa6534500e58fc211b9cc2bb7252df25ba
  ReactiveCocoa: 72263e7ac0770c274617ccd345e01049d0ca38ae
  Result: 18e1a7597fbcca5923c565b40a25a98afafdee02

PODFILE CHECKSUM: 3251b25bb394af6a75b2b61eda58fda2949773d1

COCOAPODS: 1.0.1
